
Microsoft Visual Studio Solution File, Format Version 12.00
# Visual Studio Version 17
VisualStudioVersion = 17.5.33414.496
MinimumVisualStudioVersion = 10.0.40219.1
Project("{FAE04EC0-301F-11D3-BF4B-00C04F79EFBC}") = "GridSplitterUI", "GridSplitterUI\GridSplitterUI.csproj", "{7EF34DF5-73E3-4E2E-AE85-B6F41102B6BC}"
EndProject
Global
	GlobalSection(SolutionConfigurationPlatforms) = preSolution
		Debug|Any CPU = Debug|Any CPU
		Release|Any CPU = Release|Any CPU
	EndGlobalSection
	GlobalSection(ProjectConfigurationPlatforms) = postSolution
		{7EF34DF5-73E3-4E2E-AE85-B6F41102B6BC}.Debug|Any CPU.ActiveCfg = Debug|Any CPU
		{7EF34DF5-73E3-4E2E-AE85-B6F41102B6BC}.Debug|Any CPU.Build.0 = Debug|Any CPU
		{7EF34DF5-73E3-4E2E-AE85-B6F41102B6BC}.Release|Any CPU.ActiveCfg = Release|Any CPU
		{7EF34DF5-73E3-4E2E-AE85-B6F41102B6BC}.Release|Any CPU.Build.0 = Release|Any CPU
	EndGlobalSection
	GlobalSection(SolutionProperties) = preSolution
		HideSolutionNode = FALSE
	EndGlobalSection
	GlobalSection(ExtensibilityGlobals) = postSolution
		SolutionGuid = {B684735D-6750-484D-B530-E576343C0264}
	EndGlobalSection
EndGlobal
